
Microsoft Visual Studio Solution File, Format Version 11.00
# Visual Studio 2010
Project("{8BC9CEB8-8B4A-11D0-8D11-00A0C91BC942}") = "t1", "t1\t1.vcxproj", "{BECFC844-5EF7-4501-BEB4-906403C757E9}"
EndProject
Project("{2150E333-8FDC-42A3-9474-1A3956D46DE8}") = "Solution Items", "Solution Items", "{B0D218DC-63D8-4E22-A504-7D08B4B9181B}"
	ProjectSection(SolutionItems) = preProject
		Local.testsettings = Local.testsettings
		t1.vsmdi = t1.vsmdi
		TraceAndTestImpact.testsettings = TraceAndTestImpact.testsettings
	EndProjectSection
EndProject
Global
	GlobalSection(TestCaseManagementSettings) = postSolution
		CategoryFile = t1.vsmdi
	EndGlobalSection
	GlobalSection(SolutionConfigurationPlatforms) = preSolution
		Debug|Win32 = Debug|Win32
		Release|Win32 = Release|Win32
	EndGlobalSection
	GlobalSection(ProjectConfigurationPlatforms) = postSolution
		{BECFC844-5EF7-4501-BEB4-906403C757E9}.Debug|Win32.ActiveCfg = Debug|Win32
		{BECFC844-5EF7-4501-BEB4-906403C757E9}.Debug|Win32.Build.0 = Debug|Win32
		{BECFC844-5EF7-4501-BEB4-906403C757E9}.Release|Win32.ActiveCfg = Release|Win32
		{BECFC844-5EF7-4501-BEB4-906403C757E9}.Release|Win32.Build.0 = Release|Win32
	EndGlobalSection
	GlobalSection(SolutionProperties) = preSolution
		HideSolutionNode = FALSE
	EndGlobalSection
EndGlobal
